
Microsoft Visual Studio Solution File, Format Version 12.00
# Visual Studio Version 17
VisualStudioVersion = 17.3.32901.215
MinimumVisualStudioVersion = 10.0.40219.1
Project("{FAE04EC0-301F-11D3-BF4B-00C04F79EFBC}") = "Order", "Order.csproj", "{97E84033-3E64-4A9F-96D4-D738F79A2309}"
EndProject
Global
	GlobalSection(SolutionConfigurationPlatforms) = preSolution
		Debug|Any CPU = Debug|Any CPU
		Release|Any CPU = Release|Any CPU
	EndGlobalSection
	GlobalSection(ProjectConfigurationPlatforms) = postSolution
		{97E84033-3E64-4A9F-96D4-D738F79A2309}.Debug|Any CPU.ActiveCfg = Debug|Any CPU
		{97E84033-3E64-4A9F-96D4-D738F79A2309}.Debug|Any CPU.Build.0 = Debug|Any CPU
		{97E84033-3E64-4A9F-96D4-D738F79A2309}.Release|Any CPU.ActiveCfg = Release|Any CPU
		{97E84033-3E64-4A9F-96D4-D738F79A2309}.Release|Any CPU.Build.0 = Release|Any CPU
	EndGlobalSection
	GlobalSection(SolutionProperties) = preSolution
		HideSolutionNode = FALSE
	EndGlobalSection
	GlobalSection(ExtensibilityGlobals) = postSolution
		SolutionGuid = {B85B0F05-BE8D-4E7D-A9A4-5BFA03D259CB}
	EndGlobalSection
EndGlobal
